
Microsoft Visual Studio Solution File, Format Version 12.00
# Visual Studio Version 16
VisualStudioVersion = 25.0.1705.2
MinimumVisualStudioVersion = 10.0.40219.1
Project("{FAE04EC0-301F-11D3-BF4B-00C04F79EFBC}") = "Escola", "Escola\Escola.csproj", "{E2DDE031-CC6C-436D-9DFA-DA85E04624DD}"
EndProject
Project("{FAE04EC0-301F-11D3-BF4B-00C04F79EFBC}") = "Teste", "Teste\Teste.csproj", "{AFB0345E-D112-443B-B0FB-239CD134029B}"
EndProject
Global
	GlobalSection(SolutionConfigurationPlatforms) = preSolution
		Debug|Any CPU = Debug|Any CPU
		Release|Any CPU = Release|Any CPU
	EndGlobalSection
	GlobalSection(ProjectConfigurationPlatforms) = postSolution
		{E2DDE031-CC6C-436D-9DFA-DA85E04624DD}.Debug|Any CPU.ActiveCfg = Debug|Any CPU
		{E2DDE031-CC6C-436D-9DFA-DA85E04624DD}.Debug|Any CPU.Build.0 = Debug|Any CPU
		{E2DDE031-CC6C-436D-9DFA-DA85E04624DD}.Release|Any CPU.ActiveCfg = Release|Any CPU
		{E2DDE031-CC6C-436D-9DFA-DA85E04624DD}.Release|Any CPU.Build.0 = Release|Any CPU
		{AFB0345E-D112-443B-B0FB-239CD134029B}.Debug|Any CPU.ActiveCfg = Debug|Any CPU
		{AFB0345E-D112-443B-B0FB-239CD134029B}.Debug|Any CPU.Build.0 = Debug|Any CPU
		{AFB0345E-D112-443B-B0FB-239CD134029B}.Release|Any CPU.ActiveCfg = Release|Any CPU
		{AFB0345E-D112-443B-B0FB-239CD134029B}.Release|Any CPU.Build.0 = Release|Any CPU
	EndGlobalSection
	GlobalSection(SolutionProperties) = preSolution
		HideSolutionNode = FALSE
	EndGlobalSection
	GlobalSection(ExtensibilityGlobals) = postSolution
		SolutionGuid = {A2B1A8ED-E2FA-4AC9-A8A2-7CA60544D9B2}
	EndGlobalSection
EndGlobal
